
Microsoft Visual Studio Solution File, Format Version 12.00
# Visual Studio 15
VisualStudioVersion = 15.0.27703.2000
MinimumVisualStudioVersion = 10.0.40219.1
Project("{9A19103F-16F7-4668-BE54-9A1E7A4F7556}") = "ReactMVC", "ReactMVC\ReactMVC.csproj", "{99238006-8209-428E-B74B-B3113CCB33B2}"
EndProject
Project("{FAE04EC0-301F-11D3-BF4B-00C04F79EFBC}") = "Services", "Services\Services.csproj", "{EA4C5F17-2A5C-4048-9076-C1DABFDE509B}"
EndProject
Project("{FAE04EC0-301F-11D3-BF4B-00C04F79EFBC}") = "Services.Test", "Services.Test\Services.Test.csproj", "{DAF09193-9C19-4664-B6E7-A599C78E37D2}"
EndProject
Project("{FAE04EC0-301F-11D3-BF4B-00C04F79EFBC}") = "ReactMVC.Test", "ReactMVC.Test\ReactMVC.Test.csproj", "{F3C18796-06C5-499A-9291-2F763F3627FD}"
EndProject
Project("{FAE04EC0-301F-11D3-BF4B-00C04F79EFBC}") = "Repositories", "Repositories\Repositories.csproj", "{4CF2DEAC-0582-4E93-AE29-E7D0B27903E1}"
EndProject
Project("{FAE04EC0-301F-11D3-BF4B-00C04F79EFBC}") = "Repositories.Test", "Repositories.Test\Repositories.Test.csproj", "{3FF3270D-A8A8-463D-9EF1-332D6F02E25D}"
EndProject
Global
	GlobalSection(SolutionConfigurationPlatforms) = preSolution
		Debug|Any CPU = Debug|Any CPU
		Release|Any CPU = Release|Any CPU
	EndGlobalSection
	GlobalSection(ProjectConfigurationPlatforms) = postSolution
		{99238006-8209-428E-B74B-B3113CCB33B2}.Debug|Any CPU.ActiveCfg = Debug|Any CPU
		{99238006-8209-428E-B74B-B3113CCB33B2}.Debug|Any CPU.Build.0 = Debug|Any CPU
		{99238006-8209-428E-B74B-B3113CCB33B2}.Release|Any CPU.ActiveCfg = Release|Any CPU
		{99238006-8209-428E-B74B-B3113CCB33B2}.Release|Any CPU.Build.0 = Release|Any CPU
		{EA4C5F17-2A5C-4048-9076-C1DABFDE509B}.Debug|Any CPU.ActiveCfg = Debug|Any CPU
		{EA4C5F17-2A5C-4048-9076-C1DABFDE509B}.Debug|Any CPU.Build.0 = Debug|Any CPU
		{EA4C5F17-2A5C-4048-9076-C1DABFDE509B}.Release|Any CPU.ActiveCfg = Release|Any CPU
		{EA4C5F17-2A5C-4048-9076-C1DABFDE509B}.Release|Any CPU.Build.0 = Release|Any CPU
		{DAF09193-9C19-4664-B6E7-A599C78E37D2}.Debug|Any CPU.ActiveCfg = Debug|Any CPU
		{DAF09193-9C19-4664-B6E7-A599C78E37D2}.Debug|Any CPU.Build.0 = Debug|Any CPU
		{DAF09193-9C19-4664-B6E7-A599C78E37D2}.Release|Any CPU.ActiveCfg = Release|Any CPU
		{DAF09193-9C19-4664-B6E7-A599C78E37D2}.Release|Any CPU.Build.0 = Release|Any CPU
		{F3C18796-06C5-499A-9291-2F763F3627FD}.Debug|Any CPU.ActiveCfg = Debug|Any CPU
		{F3C18796-06C5-499A-9291-2F763F3627FD}.Debug|Any CPU.Build.0 = Debug|Any CPU
		{F3C18796-06C5-499A-9291-2F763F3627FD}.Release|Any CPU.ActiveCfg = Release|Any CPU
		{F3C18796-06C5-499A-9291-2F763F3627FD}.Release|Any CPU.Build.0 = Release|Any CPU
		{4CF2DEAC-0582-4E93-AE29-E7D0B27903E1}.Debug|Any CPU.ActiveCfg = Debug|Any CPU
		{4CF2DEAC-0582-4E93-AE29-E7D0B27903E1}.Debug|Any CPU.Build.0 = Debug|Any CPU
		{4CF2DEAC-0582-4E93-AE29-E7D0B27903E1}.Release|Any CPU.ActiveCfg = Release|Any CPU
		{4CF2DEAC-0582-4E93-AE29-E7D0B27903E1}.Release|Any CPU.Build.0 = Release|Any CPU
		{3FF3270D-A8A8-463D-9EF1-332D6F02E25D}.Debug|Any CPU.ActiveCfg = Debug|Any CPU
		{3FF3270D-A8A8-463D-9EF1-332D6F02E25D}.Debug|Any CPU.Build.0 = Debug|Any CPU
		{3FF3270D-A8A8-463D-9EF1-332D6F02E25D}.Release|Any CPU.ActiveCfg = Release|Any CPU
		{3FF3270D-A8A8-463D-9EF1-332D6F02E25D}.Release|Any CPU.Build.0 = Release|Any CPU
	EndGlobalSection
	GlobalSection(SolutionProperties) = preSolution
		HideSolutionNode = FALSE
	EndGlobalSection
	GlobalSection(ExtensibilityGlobals) = postSolution
		SolutionGuid = {A1EAD4E2-6D2E-40B3-B105-C814C3F0ABA9}
	EndGlobalSection
EndGlobal
